
Microsoft Visual Studio Solution File, Format Version 12.00
# Visual Studio Version 16
VisualStudioVersion = 16.0.29709.97
MinimumVisualStudioVersion = 10.0.40219.1
Project("{9A19103F-16F7-4668-BE54-9A1E7A4F7556}") = "CMCL.Client", "CMCL.Client\CMCL.Client.csproj", "{B0D6F784-AE25-4392-8711-CC4ABFF54195}"
EndProject
Global
	GlobalSection(SolutionConfigurationPlatforms) = preSolution
		Debug|Any CPU = Debug|Any CPU
		Release|Any CPU = Release|Any CPU
	EndGlobalSection
	GlobalSection(ProjectConfigurationPlatforms) = postSolution
		{B0D6F784-AE25-4392-8711-CC4ABFF54195}.Debug|Any CPU.ActiveCfg = Debug|Any CPU
		{B0D6F784-AE25-4392-8711-CC4ABFF54195}.Debug|Any CPU.Build.0 = Debug|Any CPU
		{B0D6F784-AE25-4392-8711-CC4ABFF54195}.Release|Any CPU.ActiveCfg = Release|Any CPU
		{B0D6F784-AE25-4392-8711-CC4ABFF54195}.Release|Any CPU.Build.0 = Release|Any CPU
	EndGlobalSection
	GlobalSection(SolutionProperties) = preSolution
		HideSolutionNode = FALSE
	EndGlobalSection
	GlobalSection(ExtensibilityGlobals) = postSolution
		SolutionGuid = {A5BD9FD1-38DB-46B6-91F8-DA1DF22D91E2}
	EndGlobalSection
EndGlobal
